
Microsoft Visual Studio Solution File, Format Version 12.00
# Visual Studio Version 16
VisualStudioVersion = 16.0.31321.278
MinimumVisualStudioVersion = 10.0.40219.1
Project("{9A19103F-16F7-4668-BE54-9A1E7A4F7556}") = "Image.Plugin", "Image.Plugin\Image.Plugin.csproj", "{D528F35B-6406-4AC1-BA56-16E24CA37A45}"
EndProject
Project("{FAE04EC0-301F-11D3-BF4B-00C04F79EFBC}") = "Image.Process", "Image.Process\Image.Process.csproj", "{535E8F5C-5A0C-49CA-9DEF-7D8CA9B909F2}"
EndProject
Project("{FAE04EC0-301F-11D3-BF4B-00C04F79EFBC}") = "ImageTesting", "ImageTesting\ImageTesting.csproj", "{5AE4EED4-3D86-4FCC-A6A8-4E5AE6F30262}"
EndProject
Global
	GlobalSection(SolutionConfigurationPlatforms) = preSolution
		Debug|Any CPU = Debug|Any CPU
		Release|Any CPU = Release|Any CPU
	EndGlobalSection
	GlobalSection(ProjectConfigurationPlatforms) = postSolution
		{D528F35B-6406-4AC1-BA56-16E24CA37A45}.Debug|Any CPU.ActiveCfg = Debug|Any CPU
		{D528F35B-6406-4AC1-BA56-16E24CA37A45}.Debug|Any CPU.Build.0 = Debug|Any CPU
		{D528F35B-6406-4AC1-BA56-16E24CA37A45}.Release|Any CPU.ActiveCfg = Release|Any CPU
		{D528F35B-6406-4AC1-BA56-16E24CA37A45}.Release|Any CPU.Build.0 = Release|Any CPU
		{535E8F5C-5A0C-49CA-9DEF-7D8CA9B909F2}.Debug|Any CPU.ActiveCfg = Debug|Any CPU
		{535E8F5C-5A0C-49CA-9DEF-7D8CA9B909F2}.Debug|Any CPU.Build.0 = Debug|Any CPU
		{535E8F5C-5A0C-49CA-9DEF-7D8CA9B909F2}.Release|Any CPU.ActiveCfg = Release|Any CPU
		{535E8F5C-5A0C-49CA-9DEF-7D8CA9B909F2}.Release|Any CPU.Build.0 = Release|Any CPU
		{5AE4EED4-3D86-4FCC-A6A8-4E5AE6F30262}.Debug|Any CPU.ActiveCfg = Debug|Any CPU
		{5AE4EED4-3D86-4FCC-A6A8-4E5AE6F30262}.Debug|Any CPU.Build.0 = Debug|Any CPU
		{5AE4EED4-3D86-4FCC-A6A8-4E5AE6F30262}.Release|Any CPU.ActiveCfg = Release|Any CPU
		{5AE4EED4-3D86-4FCC-A6A8-4E5AE6F30262}.Release|Any CPU.Build.0 = Release|Any CPU
	EndGlobalSection
	GlobalSection(SolutionProperties) = preSolution
		HideSolutionNode = FALSE
	EndGlobalSection
	GlobalSection(ExtensibilityGlobals) = postSolution
		SolutionGuid = {849D705C-1D0B-493C-96A0-1170FAFF4BD9}
	EndGlobalSection
EndGlobal
